{
  "name": "slima",
  "version": "1.3.2",
  "lockfileVersion": 1,
  "requires": true,
  "dependencies": {
    "ace.improved": {
      "version": "0.2.1",
      "resolved": "https://registry.npmjs.org/ace.improved/-/ace.improved-0.2.1.tgz",
      "integrity": "sha1-TXRij8QxsJzcqh+ysj0eyDxdLzI="
    },
    "etch": {
      "version": "0.14.0",
      "resolved": "https://registry.npmjs.org/etch/-/etch-0.14.0.tgz",
      "integrity": "sha512-puqbFxz7lSm+YK6Q+bvRkNndRv6PRvGscSEhcFjmtL4nX/Az5rRCNPvK3aVTde85c/L5X0vI5kqfnpYddRalJQ=="
    },
    "paredit.js": {
      "version": "0.3.6",
      "resolved": "https://registry.npmjs.org/paredit.js/-/paredit.js-0.3.6.tgz",
      "integrity": "sha512-Z97Go1ucly6XzJDWsX8g6aXKIapx610JElNEgAvOQ8DA3A5uTAzEIaPZyn3r/WskHS+HpaO17oALcy2dUsKlQA==",
      "requires": {
        "ace.improved": ">=0.1.4"
      }
    },
    "swank-client": {
      "version": "2.0.1",
      "resolved": "https://registry.npmjs.org/swank-client/-/swank-client-2.0.1.tgz",
      "integrity": "sha512-qEIkIlh9K/wl4KdoNQoVrc4vmdXozlDPgDB06xdgIbJDojRWJ9Fa9fBhjwvw2bXXwoRNAk8KXsZAsFNFQ1ymKw==",
      "requires": {
        "paredit.js": "^0.3.6"
      }
    }
  }
}
